
Microsoft Visual Studio Solution File, Format Version 12.00
# Visual Studio Version 16
VisualStudioVersion = 16.0.30517.126
MinimumVisualStudioVersion = 10.0.40219.1
Project("{FAE04EC0-301F-11D3-BF4B-00C04F79EFBC}") = "MoodAnalyzer", "MoodAnalyzer.csproj", "{87178370-18D4-4BE4-A479-A385CD57530B}"
EndProject
Project("{FAE04EC0-301F-11D3-BF4B-00C04F79EFBC}") = "MoodAnalyzerMSTest", "..\MoodAnalyzerMSTest\MoodAnalyzerMSTest.csproj", "{B3525F7E-8C6E-4641-99A7-ADDB3E477756}"
EndProject
Global
	GlobalSection(SolutionConfigurationPlatforms) = preSolution
		Debug|Any CPU = Debug|Any CPU
		Release|Any CPU = Release|Any CPU
	EndGlobalSection
	GlobalSection(ProjectConfigurationPlatforms) = postSolution
		{87178370-18D4-4BE4-A479-A385CD57530B}.Debug|Any CPU.ActiveCfg = Debug|Any CPU
		{87178370-18D4-4BE4-A479-A385CD57530B}.Debug|Any CPU.Build.0 = Debug|Any CPU
		{87178370-18D4-4BE4-A479-A385CD57530B}.Release|Any CPU.ActiveCfg = Release|Any CPU
		{87178370-18D4-4BE4-A479-A385CD57530B}.Release|Any CPU.Build.0 = Release|Any CPU
		{B3525F7E-8C6E-4641-99A7-ADDB3E477756}.Debug|Any CPU.ActiveCfg = Debug|Any CPU
		{B3525F7E-8C6E-4641-99A7-ADDB3E477756}.Debug|Any CPU.Build.0 = Debug|Any CPU
		{B3525F7E-8C6E-4641-99A7-ADDB3E477756}.Release|Any CPU.ActiveCfg = Release|Any CPU
		{B3525F7E-8C6E-4641-99A7-ADDB3E477756}.Release|Any CPU.Build.0 = Release|Any CPU
	EndGlobalSection
	GlobalSection(SolutionProperties) = preSolution
		HideSolutionNode = FALSE
	EndGlobalSection
	GlobalSection(ExtensibilityGlobals) = postSolution
		SolutionGuid = {C3095F5F-951A-4A0D-869C-B356923B0E63}
	EndGlobalSection
EndGlobal
